
Microsoft Visual Studio Solution File, Format Version 11.00
# Visual Studio 2010
Project("{FAE04EC0-301F-11D3-BF4B-00C04F79EFBC}") = "RFQCreditReports", "RFQCreditReports\RFQCreditReports.csproj", "{272B79B3-3DCF-43BA-BF90-E5170DA180BE}"
EndProject
Global
	GlobalSection(SolutionConfigurationPlatforms) = preSolution
		Debug|Any CPU = Debug|Any CPU
		Release|Any CPU = Release|Any CPU
	EndGlobalSection
	GlobalSection(ProjectConfigurationPlatforms) = postSolution
		{272B79B3-3DCF-43BA-BF90-E5170DA180BE}.Debug|Any CPU.ActiveCfg = Debug|Any CPU
		{272B79B3-3DCF-43BA-BF90-E5170DA180BE}.Debug|Any CPU.Build.0 = Debug|Any CPU
		{272B79B3-3DCF-43BA-BF90-E5170DA180BE}.Release|Any CPU.ActiveCfg = Release|Any CPU
		{272B79B3-3DCF-43BA-BF90-E5170DA180BE}.Release|Any CPU.Build.0 = Release|Any CPU
	EndGlobalSection
	GlobalSection(SolutionProperties) = preSolution
		HideSolutionNode = FALSE
	EndGlobalSection
EndGlobal
